{
  "version": 4,
  "terraform_version": "1.11.4",
  "serial": 163,
  "lineage": "2488a387-ad49-3955-48f7-acdbc546b3be",
  "outputs": {
    "cluster_name": {
      "value": "aws-gitops-cluster",
      "type": "string"
    },
    "node_group_name": {
      "value": "worker-group",
      "type": "string"
    }
  },
  "resources": [
    {
      "mode": "managed",
      "type": "aws_eks_cluster",
      "name": "gitops_cluster",
      "provider": "provider[\"registry.terraform.io/hashicorp/aws\"]",
      "instances": [
        {
          "schema_version": 1,
          "attributes": {
            "access_config": [
              {
                "authentication_mode": "CONFIG_MAP",
                "bootstrap_cluster_creator_admin_permissions": true
              }
            ],
            "arn": "arn:aws:eks:us-east-1:335955570930:cluster/aws-gitops-cluster",
            "bootstrap_self_managed_addons": true,
            "certificate_authority": [
              {
                "data": "LS0tLS1CRUdJTiBDRVJUSUZJQ0FURS0tLS0tCk1JSURCVENDQWUyZ0F3SUJBZ0lJZEhROUR3TTdTclV3RFFZSktvWklodmNOQVFFTEJRQXdGVEVUTUJFR0ExVUUKQXhNS2EzVmlaWEp1WlhSbGN6QWVGdzB5TlRBMU1UWXdPVFEwTXpsYUZ3MHpOVEExTVRRd09UUTVNemxhTUJVeApFekFSQmdOVkJBTVRDbXQxWW1WeWJtVjBaWE13Z2dFaU1BMEdDU3FHU0liM0RRRUJBUVVBQTRJQkR3QXdnZ0VLCkFvSUJBUURBUWhUbFBnb3h4ZWpyaCtJQ1djMnFWZDlqY3pRcDRpbFlpNEhiZ1lZNXJSMnVNdVlhTkJrbG93RHUKUzV6YzFjSXBBbnRWLzFkMDg4YjQvMkpPa0ROaE5DY01WWkhzTFBlMHpLNUF6NlhlcGFtZGdMWkpoNVAvcVpFRQpYWGxuNzlGOGN3R3NSeFdUMmxtYmtlV2hrbER1dmFpclpqcU02OTh4eGVJcmJFaGpDRXdGRzB2bzFMYlljKzV5Ck5KZTdObDNRSUdsb090WmtDU1BJcm9uWmM1MmlIQThwdUFUVHNZREN0dFNkWTJucXBSOVNIaGc2OVk5ZFcrQ0IKZVBXa1FPaGd2R2JGc3lLLzhKMHQzZ1ZBOW84MXNlNGV1aWxrWHltNjdnU0FucjFodW9hcHYrbzNtOGV6WW5IMgpYVHNHQlYxM0diTGJyUW9FVzBEMStmdHpTM2ZqQWdNQkFBR2pXVEJYTUE0R0ExVWREd0VCL3dRRUF3SUNwREFQCkJnTlZIUk1CQWY4RUJUQURBUUgvTUIwR0ExVWREZ1FXQkJSdDhkYkZ3TXBoK296eXdPeUVkOEx1V1g3Q2l6QVYKQmdOVkhSRUVEakFNZ2dwcmRXSmxjbTVsZEdWek1BMEdDU3FHU0liM0RRRUJDd1VBQTRJQkFRQVRpSUhYcWcxMgp2Q0ZielhleGxhcG1tZ3ZRbnNsVFhmVXRlZERpUGw1NFRIRTR3K1NMbjkyTDk2OG9NT1J6c1Q2WlUvZy9VMFY5CndJRnpzeXBMeC9IK2NRUGJMMDZWenQ5T292bWdCdHRlN3JGTjBmRzBRcUNsTEpmdm1OaFFRMUFhZ3pta0MyU3cKdEVsdGpLTEM3NmhHNHN0UjZmTzhFU3BCL1AxMWRTcUoxSkxXYWh2WnJmODlPMzR4MW1zM01UaHZLZEdaWU9MZwoxQ1BFUUhURDluZlBWbTJiSklmbWZNV2s0YlVnVW9UOHJ6RGE3NCtrQjFIMTE3QU9ocDloSlpnOENJVWNWYVB6CjZpVzFzV0R2RjRMbjhTZko1YzltZzlvK2ZZdjRBOEVIbHdNSC9JZURBMG9CYkdPcUVFaThwY2xXNEZ6emZ6OVoKQ0FCYmtQWndwQ3BWCi0tLS0tRU5EIENFUlRJRklDQVRFLS0tLS0K"
              }
            ],
            "cluster_id": null,
            "compute_config": [],
            "created_at": "2025-05-16T09:45:21Z",
            "enabled_cluster_log_types": [
              "api"
            ],
            "encryption_config": [],
            "endpoint": "https://F5CF11D4E210B86E6FF9D08C6CDCD37E.gr7.us-east-1.eks.amazonaws.com",
            "force_update_version": null,
            "id": "aws-gitops-cluster",
            "identity": [
              {
                "oidc": [
                  {
                    "issuer": "https://oidc.eks.us-east-1.amazonaws.com/id/F5CF11D4E210B86E6FF9D08C6CDCD37E"
                  }
                ]
              }
            ],
            "kubernetes_network_config": [
              {
                "elastic_load_balancing": [
                  {
                    "enabled": false
                  }
                ],
                "ip_family": "ipv4",
                "service_ipv4_cidr": "10.100.0.0/16",
                "service_ipv6_cidr": ""
              }
            ],
            "name": "aws-gitops-cluster",
            "outpost_config": [],
            "platform_version": "eks.10",
            "remote_network_config": [],
            "role_arn": "arn:aws:iam::335955570930:role/eks-cluster-role",
            "status": "ACTIVE",
            "storage_config": [],
            "tags": {
              "Environment": "dev",
              "Project": "GitOps"
            },
            "tags_all": {
              "Environment": "dev",
              "Project": "GitOps"
            },
            "timeouts": null,
            "upgrade_policy": [
              {
                "support_type": "EXTENDED"
              }
            ],
            "version": "1.32",
            "vpc_config": [
              {
                "cluster_security_group_id": "sg-06536e538968077ab",
                "endpoint_private_access": false,
                "endpoint_public_access": true,
                "public_access_cidrs": [
                  "0.0.0.0/0"
                ],
                "security_group_ids": null,
                "subnet_ids": [
                  "subnet-00e8493ac7694ae00",
                  "subnet-06309bd78bf346e80",
                  "subnet-097f8a87f8347ac39"
                ],
                "vpc_id": "vpc-036310c5ebe57a3c2"
              }
            ],
            "zonal_shift_config": []
          },
          "sensitive_attributes": [],
          "private": "eyJlMmJmYjczMC1lY2FhLTExZTYtOGY4OC0zNDM2M2JjN2M0YzAiOnsiY3JlYXRlIjoxODAwMDAwMDAwMDAwLCJkZWxldGUiOjkwMDAwMDAwMDAwMCwidXBkYXRlIjozNjAwMDAwMDAwMDAwfSwic2NoZW1hX3ZlcnNpb24iOiIxIn0=",
          "dependencies": [
            "module.iam.aws_iam_role.eks_cluster_role"
          ]
        }
      ]
    },
    {
      "mode": "managed",
      "type": "aws_eks_node_group",
      "name": "worker_group",
      "provider": "provider[\"registry.terraform.io/hashicorp/aws\"]",
      "instances": [
        {
          "schema_version": 0,
          "attributes": {
            "ami_type": "AL2023_x86_64_STANDARD",
            "arn": "arn:aws:eks:us-east-1:335955570930:nodegroup/aws-gitops-cluster/worker-group/a2cb6c40-fab0-3c94-0658-d8b988620250",
            "capacity_type": "SPOT",
            "cluster_name": "aws-gitops-cluster",
            "disk_size": 20,
            "force_update_version": null,
            "id": "aws-gitops-cluster:worker-group",
            "instance_types": [
              "t3.medium"
            ],
            "labels": null,
            "launch_template": [],
            "node_group_name": "worker-group",
            "node_group_name_prefix": "",
            "node_repair_config": [],
            "node_role_arn": "arn:aws:iam::335955570930:role/eks-node-role",
            "release_version": "1.32.3-20250514",
            "remote_access": [],
            "resources": [
              {
                "autoscaling_groups": [
                  {
                    "name": "eks-worker-group-a2cb6c40-fab0-3c94-0658-d8b988620250"
                  }
                ],
                "remote_access_security_group_id": ""
              }
            ],
            "scaling_config": [
              {
                "desired_size": 2,
                "max_size": 4,
                "min_size": 1
              }
            ],
            "status": "ACTIVE",
            "subnet_ids": [
              "subnet-00e8493ac7694ae00",
              "subnet-06309bd78bf346e80",
              "subnet-097f8a87f8347ac39"
            ],
            "tags": {
              "Environment": "dev",
              "Project": "GitOps"
            },
            "tags_all": {
              "Environment": "dev",
              "Project": "GitOps"
            },
            "taint": [],
            "timeouts": null,
            "update_config": [
              {
                "max_unavailable": 1,
                "max_unavailable_percentage": 0
              }
            ],
            "version": "1.32"
          },
          "sensitive_attributes": [],
          "private": "eyJlMmJmYjczMC1lY2FhLTExZTYtOGY4OC0zNDM2M2JjN2M0YzAiOnsiY3JlYXRlIjozNjAwMDAwMDAwMDAwLCJkZWxldGUiOjM2MDAwMDAwMDAwMDAsInVwZGF0ZSI6MzYwMDAwMDAwMDAwMH19",
          "dependencies": [
            "aws_eks_cluster.gitops_cluster",
            "module.iam.aws_iam_role.eks_cluster_role",
            "module.iam.aws_iam_role.eks_node_role"
          ]
        }
      ]
    },
    {
      "module": "module.iam",
      "mode": "managed",
      "type": "aws_iam_role",
      "name": "eks_cluster_role",
      "provider": "provider[\"registry.terraform.io/hashicorp/aws\"]",
      "instances": [
        {
          "schema_version": 0,
          "attributes": {
            "arn": "arn:aws:iam::335955570930:role/eks-cluster-role",
            "assume_role_policy": "{\"Statement\":[{\"Action\":\"sts:AssumeRole\",\"Effect\":\"Allow\",\"Principal\":{\"Service\":\"eks.amazonaws.com\"}}],\"Version\":\"2012-10-17\"}",
            "create_date": "2025-05-16T09:45:17Z",
            "description": "",
            "force_detach_policies": false,
            "id": "eks-cluster-role",
            "inline_policy": [],
            "managed_policy_arns": [],
            "max_session_duration": 3600,
            "name": "eks-cluster-role",
            "name_prefix": "",
            "path": "/",
            "permissions_boundary": "",
            "tags": {
              "Environment": "dev",
              "Project": "GitOps"
            },
            "tags_all": {
              "Environment": "dev",
              "Project": "GitOps"
            },
            "unique_id": "AROAU4OEDGDZH52DGXEVT"
          },
          "sensitive_attributes": [],
          "private": "bnVsbA=="
        }
      ]
    },
    {
      "module": "module.iam",
      "mode": "managed",
      "type": "aws_iam_role",
      "name": "eks_node_role",
      "provider": "provider[\"registry.terraform.io/hashicorp/aws\"]",
      "instances": [
        {
          "schema_version": 0,
          "attributes": {
            "arn": "arn:aws:iam::335955570930:role/eks-node-role",
            "assume_role_policy": "{\"Statement\":[{\"Action\":\"sts:AssumeRole\",\"Effect\":\"Allow\",\"Principal\":{\"Service\":\"ec2.amazonaws.com\"}}],\"Version\":\"2012-10-17\"}",
            "create_date": "2025-05-16T09:45:18Z",
            "description": "",
            "force_detach_policies": false,
            "id": "eks-node-role",
            "inline_policy": [],
            "managed_policy_arns": [],
            "max_session_duration": 3600,
            "name": "eks-node-role",
            "name_prefix": "",
            "path": "/",
            "permissions_boundary": "",
            "tags": {
              "Environment": "dev",
              "Project": "GitOps"
            },
            "tags_all": {
              "Environment": "dev",
              "Project": "GitOps"
            },
            "unique_id": "AROAU4OEDGDZI7GHH3VVW"
          },
          "sensitive_attributes": [],
          "private": "bnVsbA=="
        }
      ]
    },
    {
      "module": "module.iam",
      "mode": "managed",
      "type": "aws_iam_role_policy_attachment",
      "name": "eks_cluster_policy",
      "provider": "provider[\"registry.terraform.io/hashicorp/aws\"]",
      "instances": [
        {
          "schema_version": 0,
          "attributes": {
            "id": "eks-cluster-role-20250516094518560300000001",
            "policy_arn": "arn:aws:iam::aws:policy/AmazonEKSClusterPolicy",
            "role": "eks-cluster-role"
          },
          "sensitive_attributes": [],
          "private": "bnVsbA==",
          "dependencies": [
            "module.iam.aws_iam_role.eks_cluster_role"
          ]
        }
      ]
    },
    {
      "module": "module.iam",
      "mode": "managed",
      "type": "aws_iam_role_policy_attachment",
      "name": "eks_ecr_readonly",
      "provider": "provider[\"registry.terraform.io/hashicorp/aws\"]",
      "instances": [
        {
          "schema_version": 0,
          "attributes": {
            "id": "eks-node-role-20250516094518731400000003",
            "policy_arn": "arn:aws:iam::aws:policy/AmazonEC2ContainerRegistryReadOnly",
            "role": "eks-node-role"
          },
          "sensitive_attributes": [],
          "private": "bnVsbA==",
          "dependencies": [
            "module.iam.aws_iam_role.eks_node_role"
          ]
        }
      ]
    },
    {
      "module": "module.iam",
      "mode": "managed",
      "type": "aws_iam_role_policy_attachment",
      "name": "eks_node_policies",
      "provider": "provider[\"registry.terraform.io/hashicorp/aws\"]",
      "instances": [
        {
          "schema_version": 0,
          "attributes": {
            "id": "eks-node-role-20250516094518810700000004",
            "policy_arn": "arn:aws:iam::aws:policy/AmazonEKSWorkerNodePolicy",
            "role": "eks-node-role"
          },
          "sensitive_attributes": [],
          "private": "bnVsbA==",
          "dependencies": [
            "module.iam.aws_iam_role.eks_node_role"
          ]
        }
      ]
    },
    {
      "module": "module.iam",
      "mode": "managed",
      "type": "aws_iam_role_policy_attachment",
      "name": "eks_vpc_full_access",
      "provider": "provider[\"registry.terraform.io/hashicorp/aws\"]",
      "instances": [
        {
          "schema_version": 0,
          "attributes": {
            "id": "eks-node-role-20250516094518598400000002",
            "policy_arn": "arn:aws:iam::aws:policy/AmazonVPCFullAccess",
            "role": "eks-node-role"
          },
          "sensitive_attributes": [],
          "private": "bnVsbA==",
          "dependencies": [
            "module.iam.aws_iam_role.eks_node_role"
          ]
        }
      ]
    }
  ],
  "check_results": null
}
